{
  "name": "js-npm-module-use",
  "version": "1.0.0",
  "lockfileVersion": 3,
  "requires": true,
  "packages": {
    "": {
      "name": "js-npm-module-use",
      "version": "1.0.0",
      "license": "ISC",
      "dependencies": {
        "@netology-homeworks-lomik31/js-npm-universal-module": "^1.0.0"
      }
    },
    "node_modules/@netology-homeworks-lomik31/js-npm-universal-module": {
      "version": "1.0.0",
      "resolved": "https://npm.pkg.github.com/download/@netology-homeworks-lomik31/js-npm-universal-module/1.0.0/c8d0173f93ace224110a9ce9094e672dce42a451",
      "integrity": "sha512-lXz8u+DwtYeiK5cyN0hQX1/wuigHVb0VPEYxCO8xbMwokePaJxEbHg7Tc2+5ovNWxhXJNPbkOB0ns/fGLBnTWw==",
      "license": "ISC"
    }
  }
}
